Microsoft Visual Studio Solution File, Format Version 12.00
# Visual Studio 2012
Project("{FAE04EC0-301F-11D3-BF4B-00C04F79EFBC}") = "fps", "fps.csproj", "{BFEDB2EE-EC6E-46AB-8C1E-9B03A337B08F}"
EndProject
Global
	GlobalSection(SolutionConfigurationPlatforms) = preSolution
	Debug|Any CPU = Debug|Any CPU
	ExportDebug|Any CPU = ExportDebug|Any CPU
	ExportRelease|Any CPU = ExportRelease|Any CPU
	EndGlobalSection
	GlobalSection(ProjectConfigurationPlatforms) = postSolution
		{BFEDB2EE-EC6E-46AB-8C1E-9B03A337B08F}.Debug|Any CPU.ActiveCfg = Debug|Any CPU
		{BFEDB2EE-EC6E-46AB-8C1E-9B03A337B08F}.Debug|Any CPU.Build.0 = Debug|Any CPU
		{BFEDB2EE-EC6E-46AB-8C1E-9B03A337B08F}.ExportDebug|Any CPU.ActiveCfg = ExportDebug|Any CPU
		{BFEDB2EE-EC6E-46AB-8C1E-9B03A337B08F}.ExportDebug|Any CPU.Build.0 = ExportDebug|Any CPU
		{BFEDB2EE-EC6E-46AB-8C1E-9B03A337B08F}.ExportRelease|Any CPU.ActiveCfg = ExportRelease|Any CPU
		{BFEDB2EE-EC6E-46AB-8C1E-9B03A337B08F}.ExportRelease|Any CPU.Build.0 = ExportRelease|Any CPU
	EndGlobalSection
EndGlobal
